// !$*UTF8*$!
{
	archiveVersion = 1;
	classes = {
	};
	objectVersion = 46;
	objects = {

/* Begin PBXBuildFile section */
		20196E4F1A736E4E00027CF3 /* ArticleViewControlelr.swift in Sources */ = {isa = PBXBuildFile; fileRef = 20196E4E1A736E4E00027CF3 /* ArticleViewControlelr.swift */; };
		20196E541A7386EB00027CF3 /* SavedArticles.xcdatamodeld in Sources */ = {isa = PBXBuildFile; fileRef = 20196E521A7386EB00027CF3 /* SavedArticles.xcdatamodeld */; };
		2D6233771A6C47E50041F867 /* AppDelegate.swift in Sources */ = {isa = PBXBuildFile; fileRef = 2D6233761A6C47E50041F867 /* AppDelegate.swift */; };
		2D6233791A6C47E50041F867 /* ViewController.swift in Sources */ = {isa = PBXBuildFile; fileRef = 2D6233781A6C47E50041F867 /* ViewController.swift */; };
		2D62337C1A6C47E50041F867 /* Main.storyboard in Resources */ = {isa = PBXBuildFile; fileRef = 2D62337A1A6C47E50041F867 /* Main.storyboard */; };
		2D62337E1A6C47E50041F867 /* Images.xcassets in Resources */ = {isa = PBXBuildFile; fileRef = 2D62337D1A6C47E50041F867 /* Images.xcassets */; };
		2D6233811A6C47E50041F867 /* LaunchScreen.xib in Resources */ = {isa = PBXBuildFile; fileRef = 2D62337F1A6C47E50041F867 /* LaunchScreen.xib */; };
		2D62338D1A6C47E50041F867 /* HackerNewsReaderTests.swift in Sources */ = {isa = PBXBuildFile; fileRef = 2D62338C1A6C47E50041F867 /* HackerNewsReaderTests.swift */; };
		2D6233971A6CA2EE0041F867 /* Article.swift in Sources */ = {isa = PBXBuildFile; fileRef = 2D6233961A6CA2EE0041F867 /* Article.swift */; };
		2DCA24F61A6CE7DB0036D079 /* CustomReaderCell.swift in Sources */ = {isa = PBXBuildFile; fileRef = 2DCA24F51A6CE7DB0036D079 /* CustomReaderCell.swift */; };
/* End PBXBuildFile section */

/* Begin PBXContainerItemProxy section */
		2D6233871A6C47E50041F867 /* PBXContainerItemProxy */ = {
			isa = PBXContainerItemProxy;
			containerPortal = 2D6233691A6C47E50041F867 /* Project object */;
			proxyType = 1;
			remoteGlobalIDString = 2D6233701A6C47E50041F867;
			remoteInfo = HackerNewsReader;
		};
/* End PBXContainerItemProxy section */

/* Begin PBXFileReference section */
		20196E4E1A736E4E00027CF3 /* ArticleViewControlelr.swift */ = {isa = PBXFileReference; fileEncoding = 4; lastKnownFileType = sourcecode.swift; path = ArticleViewControlelr.swift; sourceTree = "<group>"; };
		20196E501A73865700027CF3 /* CoreData.framework */ = {isa = PBXFileReference; lastKnownFileType = wrapper.framework; name = CoreData.framework; path = System/Library/Frameworks/CoreData.framework; sourceTree = SDKROOT; };
		20196E531A7386EB00027CF3 /* SavedArticles.xcdatamodel */ = {isa = PBXFileReference; lastKnownFileType = wrapper.xcdatamodel; path = SavedArticles.xcdatamodel; sourceTree = "<group>"; };
		2D6233711A6C47E50041F867 /* HackerNewsReader.app */ = {isa = PBXFileReference; explicitFileType = wrapper.application; includeInIndex = 0; path = HackerNewsReader.app; sourceTree = BUILT_PRODUCTS_DIR; };
		2D6233751A6C47E50041F867 /* Info.plist */ = {isa = PBXFileReference; lastKnownFileType = text.plist.xml; path = Info.plist; sourceTree = "<group>"; };
		2D6233761A6C47E50041F867 /* AppDelegate.swift */ = {isa = PBXFileReference; lastKnownFileType = sourcecode.swift; path = AppDelegate.swift; sourceTree = "<group>"; };
		2D6233781A6C47E50041F867 /* ViewController.swift */ = {isa = PBXFileReference; lastKnownFileType = sourcecode.swift; path = ViewController.swift; sourceTree = "<group>"; };
		2D62337B1A6C47E50041F867 /* Base */ = {isa = PBXFileReference; lastKnownFileType = file.storyboard; name = Base; path = Base.lproj/Main.storyboard; sourceTree = "<group>"; };
		2D62337D1A6C47E50041F867 /* Images.xcassets */ = {isa = PBXFileReference; lastKnownFileType = folder.assetcatalog; path = Images.xcassets; sourceTree = "<group>"; };
		2D6233801A6C47E50041F867 /* Base */ = {isa = PBXFileReference; lastKnownFileType = file.xib; name = Base; path = Base.lproj/LaunchScreen.xib; sourceTree = "<group>"; };
		2D6233861A6C47E50041F867 /* HackerNewsReaderTests.xctest */ = {isa = PBXFileReference; explicitFileType = wrapper.cfbundle; includeInIndex = 0; path = HackerNewsReaderTests.xctest; sourceTree = BUILT_PRODUCTS_DIR; };
		2D62338B1A6C47E50041F867 /* Info.plist */ = {isa = PBXFileReference; lastKnownFileType = text.plist.xml; path = Info.plist; sourceTree = "<group>"; };
		2D62338C1A6C47E50041F867 /* HackerNewsReaderTests.swift */ = {isa = PBXFileReference; lastKnownFileType = sourcecode.swift; path = HackerNewsReaderTests.swift; sourceTree = "<group>"; };
		2D6233961A6CA2EE0041F867 /* Article.swift */ = {isa = PBXFileReference; fileEncoding = 4; lastKnownFileType = sourcecode.swift; path = Article.swift; sourceTree = "<group>"; };
		2DCA24F51A6CE7DB0036D079 /* CustomReaderCell.swift */ = {isa = PBXFileReference; fileEncoding = 4; lastKnownFileType = sourcecode.swift; path = CustomReaderCell.swift; sourceTree = "<group>"; };
/* End PBXFileReference section */

/* Begin PBXFrameworksBuildPhase section */
		2D62336E1A6C47E50041F867 /* Frameworks */ = {
			isa = PBXFrameworksBuildPhase;
			buildActionMask = 2147483647;
			files = (
			);
			runOnlyForDeploymentPostprocessing = 0;
		};
		2D6233831A6C47E50041F867 /* Frameworks */ = {
			isa = PBXFrameworksBuildPhase;
			buildActionMask = 2147483647;
			files = (
			);
			runOnlyForDeploymentPostprocessing = 0;
		};
/* End PBXFrameworksBuildPhase section */

/* Begin PBXGroup section */
		2D6233681A6C47E50041F867 = {
			isa = PBXGroup;
			children = (
				20196E501A73865700027CF3 /* CoreData.framework */,
				2D6233731A6C47E50041F867 /* HackerNewsReader */,
				2D6233891A6C47E50041F867 /* HackerNewsReaderTests */,
				2D6233721A6C47E50041F867 /* Products */,
			);
			sourceTree = "<group>";
		};
		2D6233721A6C47E50041F867 /* Products */ = {
			isa = PBXGroup;
			children = (
				2D6233711A6C47E50041F867 /* HackerNewsReader.app */,
				2D6233861A6C47E50041F867 /* HackerNewsReaderTests.xctest */,
			);
			name = Products;
			sourceTree = "<group>";
		};
		2D6233731A6C47E50041F867 /* HackerNewsReader */ = {
			isa = PBXGroup;
			children = (
				2DCA24F51A6CE7DB0036D079 /* CustomReaderCell.swift */,
				2D6233761A6C47E50041F867 /* AppDelegate.swift */,
				2D6233781A6C47E50041F867 /* ViewController.swift */,
				2D62337A1A6C47E50041F867 /* Main.storyboard */,
				2D62337D1A6C47E50041F867 /* Images.xcassets */,
				2D62337F1A6C47E50041F867 /* LaunchScreen.xib */,
				2D6233741A6C47E50041F867 /* Supporting Files */,
				2D6233961A6CA2EE0041F867 /* Article.swift */,
				20196E4E1A736E4E00027CF3 /* ArticleViewControlelr.swift */,
				20196E521A7386EB00027CF3 /* SavedArticles.xcdatamodeld */,
			);
			path = HackerNewsReader;
			sourceTree = "<group>";
		};
		2D6233741A6C47E50041F867 /* Supporting Files */ = {
			isa = PBXGroup;
			children = (
				2D6233751A6C47E50041F867 /* Info.plist */,
			);
			name = "Supporting Files";
			sourceTree = "<group>";
		};
		2D6233891A6C47E50041F867 /* HackerNewsReaderTests */ = {
			isa = PBXGroup;
			children = (
				2D62338C1A6C47E50041F867 /* HackerNewsReaderTests.swift */,
				2D62338A1A6C47E50041F867 /* Supporting Files */,
			);
			path = HackerNewsReaderTests;
			sourceTree = "<group>";
		};
		2D62338A1A6C47E50041F867 /* Supporting Files */ = {
			isa = PBXGroup;
			children = (
				2D62338B1A6C47E50041F867 /* Info.plist */,
			);
			name = "Supporting Files";
			sourceTree = "<group>";
		};
/* End PBXGroup section */

/* Begin PBXNativeTarget section */
		2D6233701A6C47E50041F867 /* HackerNewsReader */ = {
			isa = PBXNativeTarget;
			buildConfigurationList = 2D6233901A6C47E50041F867 /* Build configuration list for PBXNativeTarget "HackerNewsReader" */;
			buildPhases = (
				2D62336D1A6C47E50041F867 /* Sources */,
				2D62336E1A6C47E50041F867 /* Frameworks */,
				2D62336F1A6C47E50041F867 /* Resources */,
			);
			buildRules = (
			);
			dependencies = (
			);
			name = HackerNewsReader;
			productName = HackerNewsReader;
			productReference = 2D6233711A6C47E50041F867 /* HackerNewsReader.app */;
			productType = "com.apple.product-type.application";
		};
		2D6233851A6C47E50041F867 /* HackerNewsReaderTests */ = {
			isa = PBXNativeTarget;
			buildConfigurationList = 2D6233931A6C47E50041F867 /* Build configuration list for PBXNativeTarget "HackerNewsReaderTests" */;
			buildPhases = (
				2D6233821A6C47E50041F867 /* Sources */,
				2D6233831A6C47E50041F867 /* Frameworks */,
				2D6233841A6C47E50041F867 /* Resources */,
			);
			buildRules = (
			);
			dependencies = (
				2D6233881A6C47E50041F867 /* PBXTargetDependency */,
			);
			name = HackerNewsReaderTests;
			productName = HackerNewsReaderTests;
			productReference = 2D6233861A6C47E50041F867 /* HackerNewsReaderTests.xctest */;
			productType = "com.apple.product-type.bundle.unit-test";
		};
/* End PBXNativeTarget section */

/* Begin PBXProject section */
		2D6233691A6C47E50041F867 /* Project object */ = {
			isa = PBXProject;
			attributes = {
				LastUpgradeCheck = 0610;
				ORGANIZATIONNAME = "Liron Shimrony";
				TargetAttributes = {
					2D6233701A6C47E50041F867 = {
						CreatedOnToolsVersion = 6.1.1;
					};
					2D6233851A6C47E50041F867 = {
						CreatedOnToolsVersion = 6.1.1;
						TestTargetID = 2D6233701A6C47E50041F867;
					};
				};
			};
			buildConfigurationList = 2D62336C1A6C47E50041F867 /* Build configuration list for PBXProject "HackerNewsReader" */;
			compatibilityVersion = "Xcode 3.2";
			developmentRegion = English;
			hasScannedForEncodings = 0;
			knownRegions = (
				en,
				Base,
			);
			mainGroup = 2D6233681A6C47E50041F867;
			productRefGroup = 2D6233721A6C47E50041F867 /* Products */;
			projectDirPath = "";
			projectRoot = "";
			targets = (
				2D6233701A6C47E50041F867 /* HackerNewsReader */,
				2D6233851A6C47E50041F867 /* HackerNewsReaderTests */,
			);
		};
/* End PBXProject section */

/* Begin PBXResourcesBuildPhase section */
		2D62336F1A6C47E50041F867 /* Resources */ = {
			isa = PBXResourcesBuildPhase;
			buildActionMask = 2147483647;
			files = (
				2D62337C1A6C47E50041F867 /* Main.storyboard in Resources */,
				2D6233811A6C47E50041F867 /* LaunchScreen.xib in Resources */,
				2D62337E1A6C47E50041F867 /* Images.xcassets in Resources */,
			);
			runOnlyForDeploymentPostprocessing = 0;
		};
		2D6233841A6C47E50041F867 /* Resources */ = {
			isa = PBXResourcesBuildPhase;
			buildActionMask = 2147483647;
			files = (
			);
			runOnlyForDeploymentPostprocessing = 0;
		};
/* End PBXResourcesBuildPhase section */

/* Begin PBXSourcesBuildPhase section */
		2D62336D1A6C47E50041F867 /* Sources */ = {
			isa = PBXSourcesBuildPhase;
			buildActionMask = 2147483647;
			files = (
				20196E541A7386EB00027CF3 /* SavedArticles.xcdatamodeld in Sources */,
				2D6233791A6C47E50041F867 /* ViewController.swift in Sources */,
				20196E4F1A736E4E00027CF3 /* ArticleViewControlelr.swift in Sources */,
				2D6233771A6C47E50041F867 /* AppDelegate.swift in Sources */,
				2D6233971A6CA2EE0041F867 /* Article.swift in Sources */,
				2DCA24F61A6CE7DB0036D079 /* CustomReaderCell.swift in Sources */,
			);
			runOnlyForDeploymentPostprocessing = 0;
		};
		2D6233821A6C47E50041F867 /* Sources */ = {
			isa = PBXSourcesBuildPhase;
			buildActionMask = 2147483647;
			files = (
				2D62338D1A6C47E50041F867 /* HackerNewsReaderTests.swift in Sources */,
			);
			runOnlyForDeploymentPostprocessing = 0;
		};
/* End PBXSourcesBuildPhase section */

/* Begin PBXTargetDependency section */
		2D6233881A6C47E50041F867 /* PBXTargetDependency */ = {
			isa = PBXTargetDependency;
			target = 2D6233701A6C47E50041F867 /* HackerNewsReader */;
			targetProxy = 2D6233871A6C47E50041F867 /* PBXContainerItemProxy */;
		};
/* End PBXTargetDependency section */

/* Begin PBXVariantGroup section */
		2D62337A1A6C47E50041F867 /* Main.storyboard */ = {
			isa = PBXVariantGroup;
			children = (
				2D62337B1A6C47E50041F867 /* Base */,
			);
			name = Main.storyboard;
			sourceTree = "<group>";
		};
		2D62337F1A6C47E50041F867 /* LaunchScreen.xib */ = {
			isa = PBXVariantGroup;
			children = (
				2D6233801A6C47E50041F867 /* Base */,
			);
			name = LaunchScreen.xib;
			sourceTree = "<group>";
		};
/* End PBXVariantGroup section */

/* Begin XCBuildConfiguration section */
		2D62338E1A6C47E50041F867 /* Debug */ = {
			isa = XCBuildConfiguration;
			buildSettings = {
				ALWAYS_SEARCH_USER_PATHS = NO;
				CLANG_CXX_LANGUAGE_STANDARD = "gnu++0x";
				CLANG_CXX_LIBRARY = "libc++";
				CLANG_ENABLE_MODULES = YES;
				CLANG_ENABLE_OBJC_ARC = YES;
				CLANG_WARN_BOOL_CONVERSION = YES;
				CLANG_WARN_CONSTANT_CONVERSION = YES;
				CLANG_WARN_DIRECT_OBJC_ISA_USAGE = YES_ERROR;
				CLANG_WARN_EMPTY_BODY = YES;
				CLANG_WARN_ENUM_CONVERSION = YES;
				CLANG_WARN_INT_CONVERSION = YES;
				CLANG_WARN_OBJC_ROOT_CLASS = YES_ERROR;
				CLANG_WARN_UNREACHABLE_CODE = YES;
				CLANG_WARN__DUPLICATE_METHOD_MATCH = YES;
				"CODE_SIGN_IDENTITY[sdk=iphoneos*]" = "iPhone Developer";
				COPY_PHASE_STRIP = NO;
				ENABLE_STRICT_OBJC_MSGSEND = YES;
				GCC_C_LANGUAGE_STANDARD = gnu99;
				GCC_DYNAMIC_NO_PIC = NO;
				GCC_OPTIMIZATION_LEVEL = 0;
				GCC_PREPROCESSOR_DEFINITIONS = (
					"DEBUG=1",
					"$(inherited)",
				);
				GCC_SYMBOLS_PRIVATE_EXTERN = NO;
				GCC_WARN_64_TO_32_BIT_CONVERSION = YES;
				GCC_WARN_ABOUT_RETURN_TYPE = YES_ERROR;
				GCC_WARN_UNDECLARED_SELECTOR = YES;
				GCC_WARN_UNINITIALIZED_AUTOS = YES_AGGRESSIVE;
				GCC_WARN_UNUSED_FUNCTION = YES;
				GCC_WARN_UNUSED_VARIABLE = YES;
				IPHONEOS_DEPLOYMENT_TARGET = 8.1;
				MTL_ENABLE_DEBUG_INFO = YES;
				ONLY_ACTIVE_ARCH = YES;
				SDKROOT = iphoneos;
				SWIFT_OPTIMIZATION_LEVEL = "-Onone";
				TARGETED_DEVICE_FAMILY = "1,2";
			};
			name = Debug;
		};
		2D62338F1A6C47E50041F867 /* Release */ = {
			isa = XCBuildConfiguration;
			buildSettings = {
				ALWAYS_SEARCH_USER_PATHS = NO;
				CLANG_CXX_LANGUAGE_STANDARD = "gnu++0x";
				CLANG_CXX_LIBRARY = "libc++";
				CLANG_ENABLE_MODULES = YES;
				CLANG_ENABLE_OBJC_ARC = YES;
				CLANG_WARN_BOOL_CONVERSION = YES;
				CLANG_WARN_CONSTANT_CONVERSION = YES;
				CLANG_WARN_DIRECT_OBJC_ISA_USAGE = YES_ERROR;
				CLANG_WARN_EMPTY_BODY = YES;
				CLANG_WARN_ENUM_CONVERSION = YES;
				CLANG_WARN_INT_CONVERSION = YES;
				CLANG_WARN_OBJC_ROOT_CLASS = YES_ERROR;
				CLANG_WARN_UNREACHABLE_CODE = YES;
				CLANG_WARN__DUPLICATE_METHOD_MATCH = YES;
				"CODE_SIGN_IDENTITY[sdk=iphoneos*]" = "iPhone Developer";
				COPY_PHASE_STRIP = YES;
				ENABLE_NS_ASSERTIONS = NO;
				ENABLE_STRICT_OBJC_MSGSEND = YES;
				GCC_C_LANGUAGE_STANDARD = gnu99;
				GCC_WARN_64_TO_32_BIT_CONVERSION = YES;
				GCC_WARN_ABOUT_RETURN_TYPE = YES_ERROR;
				GCC_WARN_UNDECLARED_SELECTOR = YES;
				GCC_WARN_UNINITIALIZED_AUTOS = YES_AGGRESSIVE;
				GCC_WARN_UNUSED_FUNCTION = YES;
				GCC_WARN_UNUSED_VARIABLE = YES;
				IPHONEOS_DEPLOYMENT_TARGET = 8.1;
				MTL_ENABLE_DEBUG_INFO = NO;
				SDKROOT = iphoneos;
				TARGETED_DEVICE_FAMILY = "1,2";
				VALIDATE_PRODUCT = YES;
			};
			name = Release;
		};
		2D6233911A6C47E50041F867 /* Debug */ = {
			isa = XCBuildConfiguration;
			buildSettings = {
				ASSETCATALOG_COMPILER_APPICON_NAME = AppIcon;
				INFOPLIST_FILE = HackerNewsReader/Info.plist;
				LD_RUNPATH_SEARCH_PATHS = "$(inherited) @executable_path/Frameworks";
				PRODUCT_NAME = "$(TARGET_NAME)";
			};
			name = Debug;
		};
		2D6233921A6C47E50041F867 /* Release */ = {
			isa = XCBuildConfiguration;
			buildSettings = {
				ASSETCATALOG_COMPILER_APPICON_NAME = AppIcon;
				INFOPLIST_FILE = HackerNewsReader/Info.plist;
				LD_RUNPATH_SEARCH_PATHS = "$(inherited) @executable_path/Frameworks";
				PRODUCT_NAME = "$(TARGET_NAME)";
			};
			name = Release;
		};
		2D6233941A6C47E50041F867 /* Debug */ = {
			isa = XCBuildConfiguration;
			buildSettings = {
				BUNDLE_LOADER = "$(TEST_HOST)";
				FRAMEWORK_SEARCH_PATHS = (
					"$(SDKROOT)/Developer/Library/Frameworks",
					"$(inherited)",
				);
				GCC_PREPROCESSOR_DEFINITIONS = (
					"DEBUG=1",
					"$(inherited)",
				);
				INFOPLIST_FILE = HackerNewsReaderTests/Info.plist;
				LD_RUNPATH_SEARCH_PATHS = "$(inherited) @executable_path/Frameworks @loader_path/Frameworks";
				PRODUCT_NAME = "$(TARGET_NAME)";
				TEST_HOST = "$(BUILT_PRODUCTS_DIR)/HackerNewsReader.app/HackerNewsReader";
			};
			name = Debug;
		};
		2D6233951A6C47E50041F867 /* Release */ = {
			isa = XCBuildConfiguration;
			buildSettings = {
				BUNDLE_LOADER = "$(TEST_HOST)";
				FRAMEWORK_SEARCH_PATHS = (
					"$(SDKROOT)/Developer/Library/Frameworks",
					"$(inherited)",
				);
				INFOPLIST_FILE = HackerNewsReaderTests/Info.plist;
				LD_RUNPATH_SEARCH_PATHS = "$(inherited) @executable_path/Frameworks @loader_path/Frameworks";
				PRODUCT_NAME = "$(TARGET_NAME)";
				TEST_HOST = "$(BUILT_PRODUCTS_DIR)/HackerNewsReader.app/HackerNewsReader";
			};
			name = Release;
		};
/* End XCBuildConfiguration section */

/* Begin XCConfigurationList section */
		2D62336C1A6C47E50041F867 /* Build configuration list for PBXProject "HackerNewsReader" */ = {
			isa = XCConfigurationList;
			buildConfigurations = (
				2D62338E1A6C47E50041F867 /* Debug */,
				2D62338F1A6C47E50041F867 /* Release */,
			);
			defaultConfigurationIsVisible = 0;
			defaultConfigurationName = Release;
		};
		2D6233901A6C47E50041F867 /* Build configuration list for PBXNativeTarget "HackerNewsReader" */ = {
			isa = XCConfigurationList;
			buildConfigurations = (
				2D6233911A6C47E50041F867 /* Debug */,
				2D6233921A6C47E50041F867 /* Release */,
			);
			defaultConfigurationIsVisible = 0;
			defaultConfigurationName = Release;
		};
		2D6233931A6C47E50041F867 /* Build configuration list for PBXNativeTarget "HackerNewsReaderTests" */ = {
			isa = XCConfigurationList;
			buildConfigurations = (
				2D6233941A6C47E50041F867 /* Debug */,
				2D6233951A6C47E50041F867 /* Release */,
			);
			defaultConfigurationIsVisible = 0;
			defaultConfigurationName = Release;
		};
/* End XCConfigurationList section */

/* Begin XCVersionGroup section */
		20196E521A7386EB00027CF3 /* SavedArticles.xcdatamodeld */ = {
			isa = XCVersionGroup;
			children = (
				20196E531A7386EB00027CF3 /* SavedArticles.xcdatamodel */,
			);
			currentVersion = 20196E531A7386EB00027CF3 /* SavedArticles.xcdatamodel */;
			path = SavedArticles.xcdatamodeld;
			sourceTree = "<group>";
			versionGroupType = wrapper.xcdatamodel;
		};
/* End XCVersionGroup section */
	};
	rootObject = 2D6233691A6C47E50041F867 /* Project object */;
}
